# THIS IS AN AUTOGENERATED FILE. DO NOT EDIT THIS FILE DIRECTLY.
# yarn lockfile v1


ramda@^0.26.1:
  version "0.26.1"
  resolved "https://registry.yarnpkg.com/ramda/-/ramda-0.26.1.tgz#8d41351eb8111c55353617fc3bbffad8e4d35d06"

transducers-js@^0.4.174:
  version "0.4.174"
  resolved "https://registry.yarnpkg.com/transducers-js/-/transducers-js-0.4.174.tgz#d5862c10eff4be3d3322abf6bb742e30f1bb6fc4"
